lockfileVersion: '9.0'

settings:
  autoInstallPeers: true
  excludeLinksFromLockfile: false

catalogs:
  default:
    husky:
      specifier: ^9.1.7
      version: 9.1.7
    lint-staged:
      specifier: ^16.1.2
      version: 16.1.2
    oxlint:
      specifier: ^1.2.0
      version: 1.2.0
    typescript:
      specifier: ^5.8.3
      version: 5.8.3

importers:

  .:
    devDependencies:
      husky:
        specifier: 'catalog:'
        version: 9.1.7
      lint-staged:
        specifier: 'catalog:'
        version: 16.1.2
      oxlint:
        specifier: 'catalog:'
        version: 1.2.0
      turbo:
        specifier: ^2.5.4
        version: 2.5.4
      typescript:
        specifier: 'catalog:'
        version: 5.8.3

  config/typescript: {}

packages:

  '@oxlint/darwin-arm64@1.2.0':
    resolution: {integrity: sha512-DsdZPp59sPPmuI6pR6MP1QepWWkpibFhVmRXa7ZOUobxxubUBg12SVCchAI1Iq8jejcAg9/XHXsRFpuny2LawQ==}
    cpu: [arm64]
    os: [darwin]

  '@oxlint/darwin-x64@1.2.0':
    resolution: {integrity: sha512-SN4lUlpGyFfGph+quUuGhEAyBMB87CgnFEK2bk3Lo96ehHcIhmzUH41nbsgi99k45+qEtD0ThIKAsbksOVn0uA==}
    cpu: [x64]
    os: [darwin]

  '@oxlint/linux-arm64-gnu@1.2.0':
    resolution: {integrity: sha512-O03yN/Sas6/vyewiq8w9YN67yY8IofTpS28H2/f1a0Cb83Z7RbEzkWvsswq0erTHA0ctwJkzHfkRSRaBOmceBQ==}
    cpu: [arm64]
    os: [linux]

  '@oxlint/linux-arm64-musl@1.2.0':
    resolution: {integrity: sha512-DO61+/vJkYRUEaVoajU2tLpVHBu3Fe8vhJ2mgxVNfOgQ7uIvHCB7wrnkHSPgABK9yROGenLWG9K6uHq3qiXj2g==}
    cpu: [arm64]
    os: [linux]

  '@oxlint/linux-x64-gnu@1.2.0':
    resolution: {integrity: sha512-i2piovvEAKYsb23/NfiGug9Gqnf+5IoNgw7pDF/N7bPIFMJlzWACQHYi5dfIzFhG23FIdAnh+BHBDK9LKK5Jkw==}
    cpu: [x64]
    os: [linux]

  '@oxlint/linux-x64-musl@1.2.0':
    resolution: {integrity: sha512-r3AjtZ7BOArWoIjyjnT6Wj3jiv2anZbeL5jsj+sUMvd8m/t7sFb18ySRqS63d4yC6Ct3OZZVLFD4MADW658ghg==}
    cpu: [x64]
    os: [linux]

  '@oxlint/win32-arm64@1.2.0':
    resolution: {integrity: sha512-a0ZJE/QlJ1JdAc5FGytjwjBzq9oIbR7y9CwbVtrvwqOBaHzB7qssI93dGPZCRE4talL3dk18L6fthd6ijvLVxg==}
    cpu: [arm64]
    os: [win32]

  '@oxlint/win32-x64@1.2.0':
    resolution: {integrity: sha512-OrWwyUCYGAnz5xDvVjCRFLp+XkQT56alXyx5kJDhDXKZzjajXwvFRFTvT3Hstu9I6bnCsqFjBcCbjQzmUBHOYw==}
    cpu: [x64]
    os: [win32]

  ansi-escapes@7.0.0:
    resolution: {integrity: sha512-GdYO7a61mR0fOlAsvC9/rIHf7L96sBc6dEWzeOu+KAea5bZyQRPIpojrVoI4AXGJS/ycu/fBTdLrUkA4ODrvjw==}
    engines: {node: '>=18'}

  ansi-regex@6.1.0:
    resolution: {integrity: sha512-7HSX4QQb4CspciLpVFwyRe79O3xsIZDDLER21kERQ71oaPodF8jL725AgJMFAYbooIqolJoRLuM81SpeUkpkvA==}
    engines: {node: '>=12'}

  ansi-styles@6.2.1:
    resolution: {integrity: sha512-bN798gFfQX+viw3R7yrGWRqnrN2oRkEkUjjl4JNn4E8GxxbjtG3FbrEIIY3l8/hrwUwIeCZvi4QuOTP4MErVug==}
    engines: {node: '>=12'}

  braces@3.0.3:
    resolution: {integrity: sha512-yQbXgO/OSZVD2IsiLlro+7Hf6Q18EJrKSEsdoMzKePKXct3gvD8oLcOQdIzGupr5Fj+EDe8gO/lxc1BzfMpxvA==}
    engines: {node: '>=8'}

  chalk@5.4.1:
    resolution: {integrity: sha512-zgVZuo2WcZgfUEmsn6eO3kINexW8RAE4maiQ8QNs8CtpPCSyMiYsULR3HQYkm3w8FIA3SberyMJMSldGsW+U3w==}
    engines: {node: ^12.17.0 || ^14.13 || >=16.0.0}

  cli-cursor@5.0.0:
    resolution: {integrity: sha512-aCj4O5wKyszjMmDT4tZj93kxyydN/K5zPWSCe6/0AV/AA1pqe5ZBIw0a2ZfPQV7lL5/yb5HsUreJ6UFAF1tEQw==}
    engines: {node: '>=18'}

  cli-truncate@4.0.0:
    resolution: {integrity: sha512-nPdaFdQ0h/GEigbPClz11D0v/ZJEwxmeVZGeMo3Z5StPtUTkA9o1lD6QwoirYiSDzbcwn2XcjwmCp68W1IS4TA==}
    engines: {node: '>=18'}

  colorette@2.0.20:
    resolution: {integrity: sha512-IfEDxwoWIjkeXL1eXcDiow4UbKjhLdq6/EuSVR9GMN7KVH3r9gQ83e73hsz1Nd1T3ijd5xv1wcWRYO+D6kCI2w==}

  commander@14.0.0:
    resolution: {integrity: sha512-2uM9rYjPvyq39NwLRqaiLtWHyDC1FvryJDa2ATTVims5YAS4PupsEQsDvP14FqhFr0P49CYDugi59xaxJlTXRA==}
    engines: {node: '>=20'}

  debug@4.4.1:
    resolution: {integrity: sha512-KcKCqiftBJcZr++7ykoDIEwSa3XWowTfNPo92BYxjXiyYEVrUQh2aLyhxBCwww+heortUFxEJYcRzosstTEBYQ==}
    engines: {node: '>=6.0'}
    peerDependencies:
      supports-color: '*'
    peerDependenciesMeta:
      supports-color:
        optional: true

  emoji-regex@10.4.0:
    resolution: {integrity: sha512-EC+0oUMY1Rqm4O6LLrgjtYDvcVYTy7chDnM4Q7030tP4Kwj3u/pR6gP9ygnp2CJMK5Gq+9Q2oqmrFJAz01DXjw==}

  environment@1.1.0:
    resolution: {integrity: sha512-xUtoPkMggbz0MPyPiIWr1Kp4aeWJjDZ6SMvURhimjdZgsRuDplF5/s9hcgGhyXMhs+6vpnuoiZ2kFiu3FMnS8Q==}
    engines: {node: '>=18'}

  eventemitter3@5.0.1:
    resolution: {integrity: sha512-GWkBvjiSZK87ELrYOSESUYeVIc9mvLLf/nXalMOS5dYrgZq9o5OVkbZAVM06CVxYsCwH9BDZFPlQTlPA1j4ahA==}

  fill-range@7.1.1:
    resolution: {integrity: sha512-YsGpe3WHLK8ZYi4tWDg2Jy3ebRz2rXowDxnld4bkQB00cc/1Zw9AWnC0i9ztDJitivtQvaI9KaLyKrc+hBW0yg==}
    engines: {node: '>=8'}

  get-east-asian-width@1.3.0:
    resolution: {integrity: sha512-vpeMIQKxczTD/0s2CdEWHcb0eeJe6TFjxb+J5xgX7hScxqrGuyjmv4c1D4A/gelKfyox0gJJwIHF+fLjeaM8kQ==}
    engines: {node: '>=18'}

  husky@9.1.7:
    resolution: {integrity: sha512-5gs5ytaNjBrh5Ow3zrvdUUY+0VxIuWVL4i9irt6friV+BqdCfmV11CQTWMiBYWHbXhco+J1kHfTOUkePhCDvMA==}
    engines: {node: '>=18'}
    hasBin: true

  is-fullwidth-code-point@4.0.0:
    resolution: {integrity: sha512-O4L094N2/dZ7xqVdrXhh9r1KODPJpFms8B5sGdJLPy664AgvXsreZUyCQQNItZRDlYug4xStLjNp/sz3HvBowQ==}
    engines: {node: '>=12'}

  is-fullwidth-code-point@5.0.0:
    resolution: {integrity: sha512-OVa3u9kkBbw7b8Xw5F9P+D/T9X+Z4+JruYVNapTjPYZYUznQ5YfWeFkOj606XYYW8yugTfC8Pj0hYqvi4ryAhA==}
    engines: {node: '>=18'}

  is-number@7.0.0:
    resolution: {integrity: sha512-41Cifkg6e8TylSpdtTpeLVMqvSBEVzTttHvERD741+pnZ8ANv0004MRL43QKPDlK9cGvNp6NZWZUBlbGXYxxng==}
    engines: {node: '>=0.12.0'}

  lilconfig@3.1.3:
    resolution: {integrity: sha512-/vlFKAoH5Cgt3Ie+JLhRbwOsCQePABiU3tJ1egGvyQ+33R/vcwM2Zl2QR/LzjsBeItPt3oSVXapn+m4nQDvpzw==}
    engines: {node: '>=14'}

  lint-staged@16.1.2:
    resolution: {integrity: sha512-sQKw2Si2g9KUZNY3XNvRuDq4UJqpHwF0/FQzZR2M7I5MvtpWvibikCjUVJzZdGE0ByurEl3KQNvsGetd1ty1/Q==}
    engines: {node: '>=20.17'}
    hasBin: true

  listr2@8.3.3:
    resolution: {integrity: sha512-LWzX2KsqcB1wqQ4AHgYb4RsDXauQiqhjLk+6hjbaeHG4zpjjVAB6wC/gz6X0l+Du1cN3pUB5ZlrvTbhGSNnUQQ==}
    engines: {node: '>=18.0.0'}

  log-update@6.1.0:
    resolution: {integrity: sha512-9ie8ItPR6tjY5uYJh8K/Zrv/RMZ5VOlOWvtZdEHYSTFKZfIBPQa9tOAEeAWhd+AnIneLJ22w5fjOYtoutpWq5w==}
    engines: {node: '>=18'}

  micromatch@4.0.8:
    resolution: {integrity: sha512-PXwfBhYu0hBCPw8Dn0E+WDYb7af3dSLVWKi3HGv84IdF4TyFoC0ysxFd0Goxw7nSv4T/PzEJQxsYsEiFCKo2BA==}
    engines: {node: '>=8.6'}

  mimic-function@5.0.1:
    resolution: {integrity: sha512-VP79XUPxV2CigYP3jWwAUFSku2aKqBH7uTAapFWCBqutsbmDo96KY5o8uh6U+/YSIn5OxJnXp73beVkpqMIGhA==}
    engines: {node: '>=18'}

  ms@2.1.3:
    resolution: {integrity: sha512-6FlzubTLZG3J2a/NVCAleEhjzq5oxgHyaCU9yYXvcLsvoVaHJq/s5xXI6/XXP6tz7R9xAOtHnSO/tXtF3WRTlA==}

  nano-spawn@1.0.2:
    resolution: {integrity: sha512-21t+ozMQDAL/UGgQVBbZ/xXvNO10++ZPuTmKRO8k9V3AClVRht49ahtDjfY8l1q6nSHOrE5ASfthzH3ol6R/hg==}
    engines: {node: '>=20.17'}

  onetime@7.0.0:
    resolution: {integrity: sha512-VXJjc87FScF88uafS3JllDgvAm+c/Slfz06lorj2uAY34rlUu0Nt+v8wreiImcrgAjjIHp1rXpTDlLOGw29WwQ==}
    engines: {node: '>=18'}

  oxlint@1.2.0:
    resolution: {integrity: sha512-zUtw37XW3fERrSJVVZfmHo35crJ7OS+Non9jk+kLtuhzEJYsbd1ORwGsnTVWy8oXEdNO/tXAUm+zVRoilEGelw==}
    engines: {node: '>=8.*'}
    hasBin: true

  picomatch@2.3.1:
    resolution: {integrity: sha512-JU3teHTNjmE2VCGFzuY8EXzCDVwEqB2a8fsIvwaStHhAWJEeVd1o1QD80CU6+ZdEXXSLbSsuLwJjkCBWqRQUVA==}
    engines: {node: '>=8.6'}

  pidtree@0.6.0:
    resolution: {integrity: sha512-eG2dWTVw5bzqGRztnHExczNxt5VGsE6OwTeCG3fdUf9KBsZzO3R5OIIIzWR+iZA0NtZ+RDVdaoE2dK1cn6jH4g==}
    engines: {node: '>=0.10'}
    hasBin: true

  restore-cursor@5.1.0:
    resolution: {integrity: sha512-oMA2dcrw6u0YfxJQXm342bFKX/E4sG9rbTzO9ptUcR/e8A33cHuvStiYOwH7fszkZlZ1z/ta9AAoPk2F4qIOHA==}
    engines: {node: '>=18'}

  rfdc@1.4.1:
    resolution: {integrity: sha512-q1b3N5QkRUWUl7iyylaaj3kOpIT0N2i9MqIEQXP73GVsN9cw3fdx8X63cEmWhJGi2PPCF23Ijp7ktmd39rawIA==}

  signal-exit@4.1.0:
    resolution: {integrity: sha512-bzyZ1e88w9O1iNJbKnOlvYTrWPDl46O1bG0D3XInv+9tkPrxrN8jUUTiFlDkkmKWgn1M6CfIA13SuGqOa9Korw==}
    engines: {node: '>=14'}

  slice-ansi@5.0.0:
    resolution: {integrity: sha512-FC+lgizVPfie0kkhqUScwRu1O/lF6NOgJmlCgK+/LYxDCTk8sGelYaHDhFcDN+Sn3Cv+3VSa4Byeo+IMCzpMgQ==}
    engines: {node: '>=12'}

  slice-ansi@7.1.0:
    resolution: {integrity: sha512-bSiSngZ/jWeX93BqeIAbImyTbEihizcwNjFoRUIY/T1wWQsfsm2Vw1agPKylXvQTU7iASGdHhyqRlqQzfz+Htg==}
    engines: {node: '>=18'}

  string-argv@0.3.2:
    resolution: {integrity: sha512-aqD2Q0144Z+/RqG52NeHEkZauTAUWJO8c6yTftGJKO3Tja5tUgIfmIl6kExvhtxSDP7fXB6DvzkfMpCd/F3G+Q==}
    engines: {node: '>=0.6.19'}

  string-width@7.2.0:
    resolution: {integrity: sha512-tsaTIkKW9b4N+AEj+SVA+WhJzV7/zMhcSu78mLKWSk7cXMOSHsBKFWUs0fWwq8QyK3MgJBQRX6Gbi4kYbdvGkQ==}
    engines: {node: '>=18'}

  strip-ansi@7.1.0:
    resolution: {integrity: sha512-iq6eVVI64nQQTRYq2KtEg2d2uU7LElhTJwsH4YzIHZshxlgZms/wIc4VoDQTlG/IvVIrBKG06CrZnp0qv7hkcQ==}
    engines: {node: '>=12'}

  to-regex-range@5.0.1:
    resolution: {integrity: sha512-65P7iz6X5yEr1cwcgvQxbbIw7Uk3gOy5dIdtZ4rDveLqhrdJP+Li/Hx6tyK0NEb+2GCyneCMJiGqrADCSNk8sQ==}
    engines: {node: '>=8.0'}

  turbo-darwin-64@2.5.4:
    resolution: {integrity: sha512-ah6YnH2dErojhFooxEzmvsoZQTMImaruZhFPfMKPBq8sb+hALRdvBNLqfc8NWlZq576FkfRZ/MSi4SHvVFT9PQ==}
    cpu: [x64]
    os: [darwin]

  turbo-darwin-arm64@2.5.4:
    resolution: {integrity: sha512-2+Nx6LAyuXw2MdXb7pxqle3MYignLvS7OwtsP9SgtSBaMlnNlxl9BovzqdYAgkUW3AsYiQMJ/wBRb7d+xemM5A==}
    cpu: [arm64]
    os: [darwin]

  turbo-linux-64@2.5.4:
    resolution: {integrity: sha512-5May2kjWbc8w4XxswGAl74GZ5eM4Gr6IiroqdLhXeXyfvWEdm2mFYCSWOzz0/z5cAgqyGidF1jt1qzUR8hTmOA==}
    cpu: [x64]
    os: [linux]

  turbo-linux-arm64@2.5.4:
    resolution: {integrity: sha512-/2yqFaS3TbfxV3P5yG2JUI79P7OUQKOUvAnx4MV9Bdz6jqHsHwc9WZPpO4QseQm+NvmgY6ICORnoVPODxGUiJg==}
    cpu: [arm64]
    os: [linux]

  turbo-windows-64@2.5.4:
    resolution: {integrity: sha512-EQUO4SmaCDhO6zYohxIjJpOKRN3wlfU7jMAj3CgcyTPvQR/UFLEKAYHqJOnJtymbQmiiM/ihX6c6W6Uq0yC7mA==}
    cpu: [x64]
    os: [win32]

  turbo-windows-arm64@2.5.4:
    resolution: {integrity: sha512-oQ8RrK1VS8lrxkLriotFq+PiF7iiGgkZtfLKF4DDKsmdbPo0O9R2mQxm7jHLuXraRCuIQDWMIw6dpcr7Iykf4A==}
    cpu: [arm64]
    os: [win32]

  turbo@2.5.4:
    resolution: {integrity: sha512-kc8ZibdRcuWUG1pbYSBFWqmIjynlD8Lp7IB6U3vIzvOv9VG+6Sp8bzyeBWE3Oi8XV5KsQrznyRTBPvrf99E4mA==}
    hasBin: true

  typescript@5.8.3:
    resolution: {integrity: sha512-p1diW6TqL9L07nNxvRMM7hMMw4c5XOo/1ibL4aAIGmSAt9slTE1Xgw5KWuof2uTOvCg9BY7ZRi+GaF+7sfgPeQ==}
    engines: {node: '>=14.17'}
    hasBin: true

  wrap-ansi@9.0.0:
    resolution: {integrity: sha512-G8ura3S+3Z2G+mkgNRq8dqaFZAuxfsxpBB8OCTGRTCtp+l/v9nbFNmCUP1BZMts3G1142MsZfn6eeUKrr4PD1Q==}
    engines: {node: '>=18'}

  yaml@2.8.0:
    resolution: {integrity: sha512-4lLa/EcQCB0cJkyts+FpIRx5G/llPxfP6VQU5KByHEhLxY3IJCH0f0Hy1MHI8sClTvsIb8qwRJ6R/ZdlDJ/leQ==}
    engines: {node: '>= 14.6'}
    hasBin: true

snapshots:

  '@oxlint/darwin-arm64@1.2.0':
    optional: true

  '@oxlint/darwin-x64@1.2.0':
    optional: true

  '@oxlint/linux-arm64-gnu@1.2.0':
    optional: true

  '@oxlint/linux-arm64-musl@1.2.0':
    optional: true

  '@oxlint/linux-x64-gnu@1.2.0':
    optional: true

  '@oxlint/linux-x64-musl@1.2.0':
    optional: true

  '@oxlint/win32-arm64@1.2.0':
    optional: true

  '@oxlint/win32-x64@1.2.0':
    optional: true

  ansi-escapes@7.0.0:
    dependencies:
      environment: 1.1.0

  ansi-regex@6.1.0: {}

  ansi-styles@6.2.1: {}

  braces@3.0.3:
    dependencies:
      fill-range: 7.1.1

  chalk@5.4.1: {}

  cli-cursor@5.0.0:
    dependencies:
      restore-cursor: 5.1.0

  cli-truncate@4.0.0:
    dependencies:
      slice-ansi: 5.0.0
      string-width: 7.2.0

  colorette@2.0.20: {}

  commander@14.0.0: {}

  debug@4.4.1:
    dependencies:
      ms: 2.1.3

  emoji-regex@10.4.0: {}

  environment@1.1.0: {}

  eventemitter3@5.0.1: {}

  fill-range@7.1.1:
    dependencies:
      to-regex-range: 5.0.1

  get-east-asian-width@1.3.0: {}

  husky@9.1.7: {}

  is-fullwidth-code-point@4.0.0: {}

  is-fullwidth-code-point@5.0.0:
    dependencies:
      get-east-asian-width: 1.3.0

  is-number@7.0.0: {}

  lilconfig@3.1.3: {}

  lint-staged@16.1.2:
    dependencies:
      chalk: 5.4.1
      commander: 14.0.0
      debug: 4.4.1
      lilconfig: 3.1.3
      listr2: 8.3.3
      micromatch: 4.0.8
      nano-spawn: 1.0.2
      pidtree: 0.6.0
      string-argv: 0.3.2
      yaml: 2.8.0
    transitivePeerDependencies:
      - supports-color

  listr2@8.3.3:
    dependencies:
      cli-truncate: 4.0.0
      colorette: 2.0.20
      eventemitter3: 5.0.1
      log-update: 6.1.0
      rfdc: 1.4.1
      wrap-ansi: 9.0.0

  log-update@6.1.0:
    dependencies:
      ansi-escapes: 7.0.0
      cli-cursor: 5.0.0
      slice-ansi: 7.1.0
      strip-ansi: 7.1.0
      wrap-ansi: 9.0.0

  micromatch@4.0.8:
    dependencies:
      braces: 3.0.3
      picomatch: 2.3.1

  mimic-function@5.0.1: {}

  ms@2.1.3: {}

  nano-spawn@1.0.2: {}

  onetime@7.0.0:
    dependencies:
      mimic-function: 5.0.1

  oxlint@1.2.0:
    optionalDependencies:
      '@oxlint/darwin-arm64': 1.2.0
      '@oxlint/darwin-x64': 1.2.0
      '@oxlint/linux-arm64-gnu': 1.2.0
      '@oxlint/linux-arm64-musl': 1.2.0
      '@oxlint/linux-x64-gnu': 1.2.0
      '@oxlint/linux-x64-musl': 1.2.0
      '@oxlint/win32-arm64': 1.2.0
      '@oxlint/win32-x64': 1.2.0

  picomatch@2.3.1: {}

  pidtree@0.6.0: {}

  restore-cursor@5.1.0:
    dependencies:
      onetime: 7.0.0
      signal-exit: 4.1.0

  rfdc@1.4.1: {}

  signal-exit@4.1.0: {}

  slice-ansi@5.0.0:
    dependencies:
      ansi-styles: 6.2.1
      is-fullwidth-code-point: 4.0.0

  slice-ansi@7.1.0:
    dependencies:
      ansi-styles: 6.2.1
      is-fullwidth-code-point: 5.0.0

  string-argv@0.3.2: {}

  string-width@7.2.0:
    dependencies:
      emoji-regex: 10.4.0
      get-east-asian-width: 1.3.0
      strip-ansi: 7.1.0

  strip-ansi@7.1.0:
    dependencies:
      ansi-regex: 6.1.0

  to-regex-range@5.0.1:
    dependencies:
      is-number: 7.0.0

  turbo-darwin-64@2.5.4:
    optional: true

  turbo-darwin-arm64@2.5.4:
    optional: true

  turbo-linux-64@2.5.4:
    optional: true

  turbo-linux-arm64@2.5.4:
    optional: true

  turbo-windows-64@2.5.4:
    optional: true

  turbo-windows-arm64@2.5.4:
    optional: true

  turbo@2.5.4:
    optionalDependencies:
      turbo-darwin-64: 2.5.4
      turbo-darwin-arm64: 2.5.4
      turbo-linux-64: 2.5.4
      turbo-linux-arm64: 2.5.4
      turbo-windows-64: 2.5.4
      turbo-windows-arm64: 2.5.4

  typescript@5.8.3: {}

  wrap-ansi@9.0.0:
    dependencies:
      ansi-styles: 6.2.1
      string-width: 7.2.0
      strip-ansi: 7.1.0

  yaml@2.8.0: {}
